
Microsoft Visual Studio Solution File, Format Version 12.00
# Visual Studio Version 17
VisualStudioVersion = 17.5.33516.290
MinimumVisualStudioVersion = 10.0.40219.1
Project("{FAE04EC0-301F-11D3-BF4B-00C04F79EFBC}") = "MVCCRUD", "MVCCRUD\MVCCRUD.csproj", "{51EC6806-5752-4CB5-9644-E348A631FFC7}"
EndProject
Global
	GlobalSection(SolutionConfigurationPlatforms) = preSolution
		Debug|Any CPU = Debug|Any CPU
		Release|Any CPU = Release|Any CPU
	EndGlobalSection
	GlobalSection(ProjectConfigurationPlatforms) = postSolution
		{51EC6806-5752-4CB5-9644-E348A631FFC7}.Debug|Any CPU.ActiveCfg = Debug|Any CPU
		{51EC6806-5752-4CB5-9644-E348A631FFC7}.Debug|Any CPU.Build.0 = Debug|Any CPU
		{51EC6806-5752-4CB5-9644-E348A631FFC7}.Release|Any CPU.ActiveCfg = Release|Any CPU
		{51EC6806-5752-4CB5-9644-E348A631FFC7}.Release|Any CPU.Build.0 = Release|Any CPU
	EndGlobalSection
	GlobalSection(SolutionProperties) = preSolution
		HideSolutionNode = FALSE
	EndGlobalSection
	GlobalSection(ExtensibilityGlobals) = postSolution
		SolutionGuid = {72EE8682-A4E2-45A3-892A-3989302A6712}
	EndGlobalSection
EndGlobal
